
Microsoft Visual Studio Solution File, Format Version 12.00
# Visual Studio Version 17
VisualStudioVersion = 17.0.32002.185
MinimumVisualStudioVersion = 10.0.40219.1
Project("{FAE04EC0-301F-11D3-BF4B-00C04F79EFBC}") = "drugizad", "drugizad.csproj", "{B34CFB4F-19FA-4829-9BE2-D42BC54E9BB8}"
EndProject
Global
	GlobalSection(SolutionConfigurationPlatforms) = preSolution
		Debug|Any CPU = Debug|Any CPU
		Release|Any CPU = Release|Any CPU
	EndGlobalSection
	GlobalSection(ProjectConfigurationPlatforms) = postSolution
		{B34CFB4F-19FA-4829-9BE2-D42BC54E9BB8}.Debug|Any CPU.ActiveCfg = Debug|Any CPU
		{B34CFB4F-19FA-4829-9BE2-D42BC54E9BB8}.Debug|Any CPU.Build.0 = Debug|Any CPU
		{B34CFB4F-19FA-4829-9BE2-D42BC54E9BB8}.Release|Any CPU.ActiveCfg = Release|Any CPU
		{B34CFB4F-19FA-4829-9BE2-D42BC54E9BB8}.Release|Any CPU.Build.0 = Release|Any CPU
	EndGlobalSection
	GlobalSection(SolutionProperties) = preSolution
		HideSolutionNode = FALSE
	EndGlobalSection
	GlobalSection(ExtensibilityGlobals) = postSolution
		SolutionGuid = {96579C42-8661-41B2-9C32-48AD16B2FF22}
	EndGlobalSection
EndGlobal
